
Microsoft Visual Studio Solution File, Format Version 12.00
# Visual Studio Version 17
VisualStudioVersion = 17.11.35431.28
MinimumVisualStudioVersion = 10.0.40219.1
Project("{9A19103F-16F7-4668-BE54-9A1E7A4F7556}") = "SqlValidatorConsole", "SqlValidatorConsole\SqlValidatorConsole.csproj", "{153E34DA-F136-4D2C-92AA-6C08F95C02FF}"
EndProject
Project("{FAE04EC0-301F-11D3-BF4B-00C04F79EFBC}") = "SqlValidator", "SqlValidator\SqlValidator.csproj", "{223E1E85-6D1A-4CC0-97D1-9E1A46DA24FF}"
EndProject
Project("{2150E333-8FDC-42A3-9474-1A3956D46DE8}") = "Solution Items", "Solution Items", "{EF730866-C7C4-4C38-B9A4-D2D94EA78E58}"
	ProjectSection(SolutionItems) = preProject
		.editorconfig = .editorconfig
	EndProjectSection
EndProject
Project("{FAE04EC0-301F-11D3-BF4B-00C04F79EFBC}") = "Tests", "Tests\Tests.csproj", "{9B32211D-5D9C-4F26-A6FD-EC38AAA6C57E}"
EndProject
Global
	GlobalSection(SolutionConfigurationPlatforms) = preSolution
		Debug|Any CPU = Debug|Any CPU
		Release|Any CPU = Release|Any CPU
	EndGlobalSection
	GlobalSection(ProjectConfigurationPlatforms) = postSolution
		{153E34DA-F136-4D2C-92AA-6C08F95C02FF}.Debug|Any CPU.ActiveCfg = Debug|Any CPU
		{153E34DA-F136-4D2C-92AA-6C08F95C02FF}.Debug|Any CPU.Build.0 = Debug|Any CPU
		{153E34DA-F136-4D2C-92AA-6C08F95C02FF}.Release|Any CPU.ActiveCfg = Release|Any CPU
		{153E34DA-F136-4D2C-92AA-6C08F95C02FF}.Release|Any CPU.Build.0 = Release|Any CPU
		{223E1E85-6D1A-4CC0-97D1-9E1A46DA24FF}.Debug|Any CPU.ActiveCfg = Debug|Any CPU
		{223E1E85-6D1A-4CC0-97D1-9E1A46DA24FF}.Debug|Any CPU.Build.0 = Debug|Any CPU
		{223E1E85-6D1A-4CC0-97D1-9E1A46DA24FF}.Release|Any CPU.ActiveCfg = Release|Any CPU
		{223E1E85-6D1A-4CC0-97D1-9E1A46DA24FF}.Release|Any CPU.Build.0 = Release|Any CPU
		{9B32211D-5D9C-4F26-A6FD-EC38AAA6C57E}.Debug|Any CPU.ActiveCfg = Debug|Any CPU
		{9B32211D-5D9C-4F26-A6FD-EC38AAA6C57E}.Debug|Any CPU.Build.0 = Debug|Any CPU
		{9B32211D-5D9C-4F26-A6FD-EC38AAA6C57E}.Release|Any CPU.ActiveCfg = Release|Any CPU
		{9B32211D-5D9C-4F26-A6FD-EC38AAA6C57E}.Release|Any CPU.Build.0 = Release|Any CPU
	EndGlobalSection
	GlobalSection(SolutionProperties) = preSolution
		HideSolutionNode = FALSE
	EndGlobalSection
	GlobalSection(ExtensibilityGlobals) = postSolution
		SolutionGuid = {0E2840EF-2F2F-4E0A-9AA9-0FD8A0D1D727}
	EndGlobalSection
EndGlobal
